{
  "originHash" : "2e21d8422c0a6134f2c55666c46617268e3a693bb8c4941bbf80e006a2dd2d3d",
  "pins" : [
    {
      "identity" : "swiftwgputools",
      "kind" : "remoteSourceControl",
      "location" : "https://github.com/optimisme/SwiftWgpuTools.git",
      "state" : {
        "revision" : "e060e2282781d28e3be3ea6f2779ade73153b959",
        "version" : "0.0.2"
      }
    }
  ],
  "version" : 3
}
