{
  "originHash" : "d6b2f100c63456ed2ad52b0474d6e942a53060796bb8fdbdf71cc0ae6f6354ae",
  "pins" : [
    {
      "identity" : "swiftwgputools",
      "kind" : "remoteSourceControl",
      "location" : "https://github.com/optimisme/SwiftWgpuTools.git",
      "state" : {
        "revision" : "c1d206a2988a2de29d13f43cfb74c4d0209ecdad",
        "version" : "0.0.3"
      }
    }
  ],
  "version" : 3
}
